
Microsoft Visual Studio Solution File, Format Version 12.00
# Visual Studio 2013
Project("{FAE04EC0-301F-11D3-BF4B-00C04F79EFBC}") = "UnityVS.SimpleDefence.CSharp", "UnityVS.SimpleDefence.CSharp.csproj", "{513CEE98-8835-1C96-0AAE-1C1CF5B65FFD}"
EndProject
Global
	GlobalSection(SolutionConfigurationPlatforms) = preSolution
		Debug|Any CPU = Debug|Any CPU
		Release|Any CPU = Release|Any CPU
	EndGlobalSection
	GlobalSection(ProjectConfigurationPlatforms) = postSolution
		{513CEE98-8835-1C96-0AAE-1C1CF5B65FFD}.Debug|Any CPU.ActiveCfg = Debug|Any CPU
		{513CEE98-8835-1C96-0AAE-1C1CF5B65FFD}.Debug|Any CPU.Build.0 = Debug|Any CPU
		{513CEE98-8835-1C96-0AAE-1C1CF5B65FFD}.Release|Any CPU.ActiveCfg = Release|Any CPU
		{513CEE98-8835-1C96-0AAE-1C1CF5B65FFD}.Release|Any CPU.Build.0 = Release|Any CPU
	EndGlobalSection
	GlobalSection(SolutionProperties) = preSolution
		HideSolutionNode = FALSE
	EndGlobalSection
EndGlobal
