
Microsoft Visual Studio Solution File, Format Version 11.0
# Visual Studio 2010
Project("{FAE04EC0-301F-11D3-BF4B-00C04F79EFBC}") = "UnityVS.SummonShield.CSharp", "UnityVS.SummonShield.CSharp.csproj", "{CB19195F-D96D-A6D3-0C1F-AA2EAF4F00BD}"
EndProject
Global
	GlobalSection(SolutionConfigurationPlatforms) = preSolution
		Debug|Any CPU = Debug|Any CPU
		Release|Any CPU = Release|Any CPU
	EndGlobalSection
	GlobalSection(ProjectConfigurationPlatforms) = postSolution
		{CB19195F-D96D-A6D3-0C1F-AA2EAF4F00BD}.Debug|Any CPU.ActiveCfg = Debug|Any CPU
		{CB19195F-D96D-A6D3-0C1F-AA2EAF4F00BD}.Debug|Any CPU.Build.0 = Debug|Any CPU
		{CB19195F-D96D-A6D3-0C1F-AA2EAF4F00BD}.Release|Any CPU.ActiveCfg = Release|Any CPU
		{CB19195F-D96D-A6D3-0C1F-AA2EAF4F00BD}.Release|Any CPU.Build.0 = Release|Any CPU
	EndGlobalSection
	GlobalSection(SolutionProperties) = preSolution
		HideSolutionNode = FALSE
	EndGlobalSection
EndGlobal
